// !$*UTF8*$!
{
	archiveVersion = 1;
	classes = {
	};
	objectVersion = 46;
	objects = {

/* Begin PBXBuildFile section */
		26DF50D91E0B827A00E178FF /* AppDelegate.swift in Sources */ = {isa = PBXBuildFile; fileRef = 26DF50D81E0B827A00E178FF /* AppDelegate.swift */; };
		26DF50DB1E0B827A00E178FF /* ViewController.swift in Sources */ = {isa = PBXBuildFile; fileRef = 26DF50DA1E0B827A00E178FF /* ViewController.swift */; };
		26DF50DE1E0B827A00E178FF /* Main.storyboard in Resources */ = {isa = PBXBuildFile; fileRef = 26DF50DC1E0B827A00E178FF /* Main.storyboard */; };
		26DF50E01E0B827A00E178FF /* Assets.xcassets in Resources */ = {isa = PBXBuildFile; fileRef = 26DF50DF1E0B827A00E178FF /* Assets.xcassets */; };
		26DF50E31E0B827A00E178FF /* LaunchScreen.storyboard in Resources */ = {isa = PBXBuildFile; fileRef = 26DF50E11E0B827A00E178FF /* LaunchScreen.storyboard */; };
		26DF50EE1E0B827A00E178FF /* FoodTrackerTests.swift in Sources */ = {isa = PBXBuildFile; fileRef = 26DF50ED1E0B827A00E178FF /* FoodTrackerTests.swift */; };
/* End PBXBuildFile section */

/* Begin PBXContainerItemProxy section */
		26DF50EA1E0B827A00E178FF /* PBXContainerItemProxy */ = {
			isa = PBXContainerItemProxy;
			containerPortal = 26DF50CD1E0B827A00E178FF /* Project object */;
			proxyType = 1;
			remoteGlobalIDString = 26DF50D41E0B827A00E178FF;
			remoteInfo = FoodTracker;
		};
/* End PBXContainerItemProxy section */

/* Begin PBXFileReference section */
		26DF50D51E0B827A00E178FF /* FoodTracker.app */ = {isa = PBXFileReference; explicitFileType = wrapper.application; includeInIndex = 0; path = FoodTracker.app; sourceTree = BUILT_PRODUCTS_DIR; };
		26DF50D81E0B827A00E178FF /* AppDelegate.swift */ = {isa = PBXFileReference; lastKnownFileType = sourcecode.swift; path = AppDelegate.swift; sourceTree = "<group>"; };
		26DF50DA1E0B827A00E178FF /* ViewController.swift */ = {isa = PBXFileReference; lastKnownFileType = sourcecode.swift; path = ViewController.swift; sourceTree = "<group>"; };
		26DF50DD1E0B827A00E178FF /* Base */ = {isa = PBXFileReference; lastKnownFileType = file.storyboard; name = Base; path = Base.lproj/Main.storyboard; sourceTree = "<group>"; };
		26DF50DF1E0B827A00E178FF /* Assets.xcassets */ = {isa = PBXFileReference; lastKnownFileType = folder.assetcatalog; path = Assets.xcassets; sourceTree = "<group>"; };
		26DF50E21E0B827A00E178FF /* Base */ = {isa = PBXFileReference; lastKnownFileType = file.storyboard; name = Base; path = Base.lproj/LaunchScreen.storyboard; sourceTree = "<group>"; };
		26DF50E41E0B827A00E178FF /* Info.plist */ = {isa = PBXFileReference; lastKnownFileType = text.plist.xml; path = Info.plist; sourceTree = "<group>"; };
		26DF50E91E0B827A00E178FF /* FoodTrackerTests.xctest */ = {isa = PBXFileReference; explicitFileType = wrapper.cfbundle; includeInIndex = 0; path = FoodTrackerTests.xctest; sourceTree = BUILT_PRODUCTS_DIR; };
		26DF50ED1E0B827A00E178FF /* FoodTrackerTests.swift */ = {isa = PBXFileReference; lastKnownFileType = sourcecode.swift; path = FoodTrackerTests.swift; sourceTree = "<group>"; };
		26DF50EF1E0B827A00E178FF /* Info.plist */ = {isa = PBXFileReference; lastKnownFileType = text.plist.xml; path = Info.plist; sourceTree = "<group>"; };
/* End PBXFileReference section */

/* Begin PBXFrameworksBuildPhase section */
		26DF50D21E0B827A00E178FF /* Frameworks */ = {
			isa = PBXFrameworksBuildPhase;
			buildActionMask = 2147483647;
			files = (
			);
			runOnlyForDeploymentPostprocessing = 0;
		};
		26DF50E61E0B827A00E178FF /* Frameworks */ = {
			isa = PBXFrameworksBuildPhase;
			buildActionMask = 2147483647;
			files = (
			);
			runOnlyForDeploymentPostprocessing = 0;
		};
/* End PBXFrameworksBuildPhase section */

/* Begin PBXGroup section */
		26DF50CC1E0B827A00E178FF = {
			isa = PBXGroup;
			children = (
				26DF50D71E0B827A00E178FF /* FoodTracker */,
				26DF50EC1E0B827A00E178FF /* FoodTrackerTests */,
				26DF50D61E0B827A00E178FF /* Products */,
			);
			sourceTree = "<group>";
		};
		26DF50D61E0B827A00E178FF /* Products */ = {
			isa = PBXGroup;
			children = (
				26DF50D51E0B827A00E178FF /* FoodTracker.app */,
				26DF50E91E0B827A00E178FF /* FoodTrackerTests.xctest */,
			);
			name = Products;
			sourceTree = "<group>";
		};
		26DF50D71E0B827A00E178FF /* FoodTracker */ = {
			isa = PBXGroup;
			children = (
				26DF50D81E0B827A00E178FF /* AppDelegate.swift */,
				26DF50DA1E0B827A00E178FF /* ViewController.swift */,
				26DF50DC1E0B827A00E178FF /* Main.storyboard */,
				26DF50DF1E0B827A00E178FF /* Assets.xcassets */,
				26DF50E11E0B827A00E178FF /* LaunchScreen.storyboard */,
				26DF50E41E0B827A00E178FF /* Info.plist */,
			);
			path = FoodTracker;
			sourceTree = "<group>";
		};
		26DF50EC1E0B827A00E178FF /* FoodTrackerTests */ = {
			isa = PBXGroup;
			children = (
				26DF50ED1E0B827A00E178FF /* FoodTrackerTests.swift */,
				26DF50EF1E0B827A00E178FF /* Info.plist */,
			);
			path = FoodTrackerTests;
			sourceTree = "<group>";
		};
/* End PBXGroup section */

/* Begin PBXNativeTarget section */
		26DF50D41E0B827A00E178FF /* FoodTracker */ = {
			isa = PBXNativeTarget;
			buildConfigurationList = 26DF50F21E0B827A00E178FF /* Build configuration list for PBXNativeTarget "FoodTracker" */;
			buildPhases = (
				26DF50D11E0B827A00E178FF /* Sources */,
				26DF50D21E0B827A00E178FF /* Frameworks */,
				26DF50D31E0B827A00E178FF /* Resources */,
			);
			buildRules = (
			);
			dependencies = (
			);
			name = FoodTracker;
			productName = FoodTracker;
			productReference = 26DF50D51E0B827A00E178FF /* FoodTracker.app */;
			productType = "com.apple.product-type.application";
		};
		26DF50E81E0B827A00E178FF /* FoodTrackerTests */ = {
			isa = PBXNativeTarget;
			buildConfigurationList = 26DF50F51E0B827A00E178FF /* Build configuration list for PBXNativeTarget "FoodTrackerTests" */;
			buildPhases = (
				26DF50E51E0B827A00E178FF /* Sources */,
				26DF50E61E0B827A00E178FF /* Frameworks */,
				26DF50E71E0B827A00E178FF /* Resources */,
			);
			buildRules = (
			);
			dependencies = (
				26DF50EB1E0B827A00E178FF /* PBXTargetDependency */,
			);
			name = FoodTrackerTests;
			productName = FoodTrackerTests;
			productReference = 26DF50E91E0B827A00E178FF /* FoodTrackerTests.xctest */;
			productType = "com.apple.product-type.bundle.unit-test";
		};
/* End PBXNativeTarget section */

/* Begin PBXProject section */
		26DF50CD1E0B827A00E178FF /* Project object */ = {
			isa = PBXProject;
			attributes = {
				LastSwiftUpdateCheck = 0820;
				LastUpgradeCheck = 0820;
				ORGANIZATIONNAME = "Ferro Bros";
				TargetAttributes = {
					26DF50D41E0B827A00E178FF = {
						CreatedOnToolsVersion = 8.2.1;
						ProvisioningStyle = Automatic;
					};
					26DF50E81E0B827A00E178FF = {
						CreatedOnToolsVersion = 8.2.1;
						ProvisioningStyle = Automatic;
						TestTargetID = 26DF50D41E0B827A00E178FF;
					};
				};
			};
			buildConfigurationList = 26DF50D01E0B827A00E178FF /* Build configuration list for PBXProject "FoodTracker" */;
			compatibilityVersion = "Xcode 3.2";
			developmentRegion = English;
			hasScannedForEncodings = 0;
			knownRegions = (
				en,
				Base,
			);
			mainGroup = 26DF50CC1E0B827A00E178FF;
			productRefGroup = 26DF50D61E0B827A00E178FF /* Products */;
			projectDirPath = "";
			projectRoot = "";
			targets = (
				26DF50D41E0B827A00E178FF /* FoodTracker */,
				26DF50E81E0B827A00E178FF /* FoodTrackerTests */,
			);
		};
/* End PBXProject section */

/* Begin PBXResourcesBuildPhase section */
		26DF50D31E0B827A00E178FF /* Resources */ = {
			isa = PBXResourcesBuildPhase;
			buildActionMask = 2147483647;
			files = (
				26DF50E31E0B827A00E178FF /* LaunchScreen.storyboard in Resources */,
				26DF50E01E0B827A00E178FF /* Assets.xcassets in Resources */,
				26DF50DE1E0B827A00E178FF /* Main.storyboard in Resources */,
			);
			runOnlyForDeploymentPostprocessing = 0;
		};
		26DF50E71E0B827A00E178FF /* Resources */ = {
			isa = PBXResourcesBuildPhase;
			buildActionMask = 2147483647;
			files = (
			);
			runOnlyForDeploymentPostprocessing = 0;
		};
/* End PBXResourcesBuildPhase section */

/* Begin PBXSourcesBuildPhase section */
		26DF50D11E0B827A00E178FF /* Sources */ = {
			isa = PBXSourcesBuildPhase;
			buildActionMask = 2147483647;
			files = (
				26DF50DB1E0B827A00E178FF /* ViewController.swift in Sources */,
				26DF50D91E0B827A00E178FF /* AppDelegate.swift in Sources */,
			);
			runOnlyForDeploymentPostprocessing = 0;
		};
		26DF50E51E0B827A00E178FF /* Sources */ = {
			isa = PBXSourcesBuildPhase;
			buildActionMask = 2147483647;
			files = (
				26DF50EE1E0B827A00E178FF /* FoodTrackerTests.swift in Sources */,
			);
			runOnlyForDeploymentPostprocessing = 0;
		};
/* End PBXSourcesBuildPhase section */

/* Begin PBXTargetDependency section */
		26DF50EB1E0B827A00E178FF /* PBXTargetDependency */ = {
			isa = PBXTargetDependency;
			target = 26DF50D41E0B827A00E178FF /* FoodTracker */;
			targetProxy = 26DF50EA1E0B827A00E178FF /* PBXContainerItemProxy */;
		};
/* End PBXTargetDependency section */

/* Begin PBXVariantGroup section */
		26DF50DC1E0B827A00E178FF /* Main.storyboard */ = {
			isa = PBXVariantGroup;
			children = (
				26DF50DD1E0B827A00E178FF /* Base */,
			);
			name = Main.storyboard;
			sourceTree = "<group>";
		};
		26DF50E11E0B827A00E178FF /* LaunchScreen.storyboard */ = {
			isa = PBXVariantGroup;
			children = (
				26DF50E21E0B827A00E178FF /* Base */,
			);
			name = LaunchScreen.storyboard;
			sourceTree = "<group>";
		};
/* End PBXVariantGroup section */

/* Begin XCBuildConfiguration section */
		26DF50F01E0B827A00E178FF /* Debug */ = {
			isa = XCBuildConfiguration;
			buildSettings = {
				ALWAYS_SEARCH_USER_PATHS = NO;
				CLANG_ANALYZER_NONNULL = YES;
				CLANG_CXX_LANGUAGE_STANDARD = "gnu++0x";
				CLANG_CXX_LIBRARY = "libc++";
				CLANG_ENABLE_MODULES = YES;
				CLANG_ENABLE_OBJC_ARC = YES;
				CLANG_WARN_BOOL_CONVERSION = YES;
				CLANG_WARN_CONSTANT_CONVERSION = YES;
				CLANG_WARN_DIRECT_OBJC_ISA_USAGE = YES_ERROR;
				CLANG_WARN_DOCUMENTATION_COMMENTS = YES;
				CLANG_WARN_EMPTY_BODY = YES;
				CLANG_WARN_ENUM_CONVERSION = YES;
				CLANG_WARN_INFINITE_RECURSION = YES;
				CLANG_WARN_INT_CONVERSION = YES;
				CLANG_WARN_OBJC_ROOT_CLASS = YES_ERROR;
				CLANG_WARN_SUSPICIOUS_MOVE = YES;
				CLANG_WARN_UNREACHABLE_CODE = YES;
				CLANG_WARN__DUPLICATE_METHOD_MATCH = YES;
				"CODE_SIGN_IDENTITY[sdk=iphoneos*]" = "iPhone Developer";
				COPY_PHASE_STRIP = NO;
				DEBUG_INFORMATION_FORMAT = dwarf;
				ENABLE_STRICT_OBJC_MSGSEND = YES;
				ENABLE_TESTABILITY = YES;
				GCC_C_LANGUAGE_STANDARD = gnu99;
				GCC_DYNAMIC_NO_PIC = NO;
				GCC_NO_COMMON_BLOCKS = YES;
				GCC_OPTIMIZATION_LEVEL = 0;
				GCC_PREPROCESSOR_DEFINITIONS = (
					"DEBUG=1",
					"$(inherited)",
				);
				GCC_WARN_64_TO_32_BIT_CONVERSION = YES;
				GCC_WARN_ABOUT_RETURN_TYPE = YES_ERROR;
				GCC_WARN_UNDECLARED_SELECTOR = YES;
				GCC_WARN_UNINITIALIZED_AUTOS = YES_AGGRESSIVE;
				GCC_WARN_UNUSED_FUNCTION = YES;
				GCC_WARN_UNUSED_VARIABLE = YES;
				IPHONEOS_DEPLOYMENT_TARGET = 10.2;
				MTL_ENABLE_DEBUG_INFO = YES;
				ONLY_ACTIVE_ARCH = YES;
				SDKROOT = iphoneos;
				SWIFT_ACTIVE_COMPILATION_CONDITIONS = DEBUG;
				SWIFT_OPTIMIZATION_LEVEL = "-Onone";
				TARGETED_DEVICE_FAMILY = "1,2";
			};
			name = Debug;
		};
		26DF50F11E0B827A00E178FF /* Release */ = {
			isa = XCBuildConfiguration;
			buildSettings = {
				ALWAYS_SEARCH_USER_PATHS = NO;
				CLANG_ANALYZER_NONNULL = YES;
				CLANG_CXX_LANGUAGE_STANDARD = "gnu++0x";
				CLANG_CXX_LIBRARY = "libc++";
				CLANG_ENABLE_MODULES = YES;
				CLANG_ENABLE_OBJC_ARC = YES;
				CLANG_WARN_BOOL_CONVERSION = YES;
				CLANG_WARN_CONSTANT_CONVERSION = YES;
				CLANG_WARN_DIRECT_OBJC_ISA_USAGE = YES_ERROR;
				CLANG_WARN_DOCUMENTATION_COMMENTS = YES;
				CLANG_WARN_EMPTY_BODY = YES;
				CLANG_WARN_ENUM_CONVERSION = YES;
				CLANG_WARN_INFINITE_RECURSION = YES;
				CLANG_WARN_INT_CONVERSION = YES;
				CLANG_WARN_OBJC_ROOT_CLASS = YES_ERROR;
				CLANG_WARN_SUSPICIOUS_MOVE = YES;
				CLANG_WARN_UNREACHABLE_CODE = YES;
				CLANG_WARN__DUPLICATE_METHOD_MATCH = YES;
				"CODE_SIGN_IDENTITY[sdk=iphoneos*]" = "iPhone Developer";
				COPY_PHASE_STRIP = NO;
				DEBUG_INFORMATION_FORMAT = "dwarf-with-dsym";
				ENABLE_NS_ASSERTIONS = NO;
				ENABLE_STRICT_OBJC_MSGSEND = YES;
				GCC_C_LANGUAGE_STANDARD = gnu99;
				GCC_NO_COMMON_BLOCKS = YES;
				GCC_WARN_64_TO_32_BIT_CONVERSION = YES;
				GCC_WARN_ABOUT_RETURN_TYPE = YES_ERROR;
				GCC_WARN_UNDECLARED_SELECTOR = YES;
				GCC_WARN_UNINITIALIZED_AUTOS = YES_AGGRESSIVE;
				GCC_WARN_UNUSED_FUNCTION = YES;
				GCC_WARN_UNUSED_VARIABLE = YES;
				IPHONEOS_DEPLOYMENT_TARGET = 10.2;
				MTL_ENABLE_DEBUG_INFO = NO;
				SDKROOT = iphoneos;
				SWIFT_OPTIMIZATION_LEVEL = "-Owholemodule";
				TARGETED_DEVICE_FAMILY = "1,2";
				VALIDATE_PRODUCT = YES;
			};
			name = Release;
		};
		26DF50F31E0B827A00E178FF /* Debug */ = {
			isa = XCBuildConfiguration;
			buildSettings = {
				ASSETCATALOG_COMPILER_APPICON_NAME = AppIcon;
				INFOPLIST_FILE = FoodTracker/Info.plist;
				LD_RUNPATH_SEARCH_PATHS = "$(inherited) @executable_path/Frameworks";
				PRODUCT_BUNDLE_IDENTIFIER = com.ferrobros.FoodTracker;
				PRODUCT_NAME = "$(TARGET_NAME)";
				SWIFT_VERSION = 3.0;
			};
			name = Debug;
		};
		26DF50F41E0B827A00E178FF /* Release */ = {
			isa = XCBuildConfiguration;
			buildSettings = {
				ASSETCATALOG_COMPILER_APPICON_NAME = AppIcon;
				INFOPLIST_FILE = FoodTracker/Info.plist;
				LD_RUNPATH_SEARCH_PATHS = "$(inherited) @executable_path/Frameworks";
				PRODUCT_BUNDLE_IDENTIFIER = com.ferrobros.FoodTracker;
				PRODUCT_NAME = "$(TARGET_NAME)";
				SWIFT_VERSION = 3.0;
			};
			name = Release;
		};
		26DF50F61E0B827A00E178FF /* Debug */ = {
			isa = XCBuildConfiguration;
			buildSettings = {
				ALWAYS_EMBED_SWIFT_STANDARD_LIBRARIES = YES;
				BUNDLE_LOADER = "$(TEST_HOST)";
				INFOPLIST_FILE = FoodTrackerTests/Info.plist;
				LD_RUNPATH_SEARCH_PATHS = "$(inherited) @executable_path/Frameworks @loader_path/Frameworks";
				PRODUCT_BUNDLE_IDENTIFIER = com.ferrobros.FoodTrackerTests;
				PRODUCT_NAME = "$(TARGET_NAME)";
				SWIFT_VERSION = 3.0;
				TEST_HOST = "$(BUILT_PRODUCTS_DIR)/FoodTracker.app/FoodTracker";
			};
			name = Debug;
		};
		26DF50F71E0B827A00E178FF /* Release */ = {
			isa = XCBuildConfiguration;
			buildSettings = {
				ALWAYS_EMBED_SWIFT_STANDARD_LIBRARIES = YES;
				BUNDLE_LOADER = "$(TEST_HOST)";
				INFOPLIST_FILE = FoodTrackerTests/Info.plist;
				LD_RUNPATH_SEARCH_PATHS = "$(inherited) @executable_path/Frameworks @loader_path/Frameworks";
				PRODUCT_BUNDLE_IDENTIFIER = com.ferrobros.FoodTrackerTests;
				PRODUCT_NAME = "$(TARGET_NAME)";
				SWIFT_VERSION = 3.0;
				TEST_HOST = "$(BUILT_PRODUCTS_DIR)/FoodTracker.app/FoodTracker";
			};
			name = Release;
		};
/* End XCBuildConfiguration section */

/* Begin XCConfigurationList section */
		26DF50D01E0B827A00E178FF /* Build configuration list for PBXProject "FoodTracker" */ = {
			isa = XCConfigurationList;
			buildConfigurations = (
				26DF50F01E0B827A00E178FF /* Debug */,
				26DF50F11E0B827A00E178FF /* Release */,
			);
			defaultConfigurationIsVisible = 0;
			defaultConfigurationName = Release;
		};
		26DF50F21E0B827A00E178FF /* Build configuration list for PBXNativeTarget "FoodTracker" */ = {
			isa = XCConfigurationList;
			buildConfigurations = (
				26DF50F31E0B827A00E178FF /* Debug */,
				26DF50F41E0B827A00E178FF /* Release */,
			);
			defaultConfigurationIsVisible = 0;
		};
		26DF50F51E0B827A00E178FF /* Build configuration list for PBXNativeTarget "FoodTrackerTests" */ = {
			isa = XCConfigurationList;
			buildConfigurations = (
				26DF50F61E0B827A00E178FF /* Debug */,
				26DF50F71E0B827A00E178FF /* Release */,
			);
			defaultConfigurationIsVisible = 0;
		};
/* End XCConfigurationList section */
	};
	rootObject = 26DF50CD1E0B827A00E178FF /* Project object */;
}
